# THIS IS AN AUTOGENERATED FILE. DO NOT EDIT THIS FILE DIRECTLY.
# yarn lockfile v1


"@types/node@^18.6.0":
  version "18.6.0"
  resolved "https://registry.yarnpkg.com/@types/node/-/node-18.6.0.tgz#3ad8c5a4e8e11abc51a11894355f2ba58de9f1a1"
  integrity sha512-WZ/6I1GL0DNAo4bb01lGGKTHH8BHJyECepf11kWONg3OJoHq2WYOm16Es1V54Er7NTUXsbDCpKRKdmBc4X2xhA==

map2@^1.1.2:
  version "1.1.2"
  resolved "https://registry.yarnpkg.com/map2/-/map2-1.1.2.tgz#6a4e5d896f7aacc6d2cd7fdbe0d17ad72f99d6f6"
  integrity sha512-Kdt76+hzoMwA+Kiih0xtvBuuMrNbdBSZfZ4oC2hLBwp2uk3b3FopFEc/NkWu43ba1Fj93vmjxJ2DC0rfaI9W+w==

priorityqueuejs@^2.0.0:
  version "2.0.0"
  resolved "https://registry.yarnpkg.com/priorityqueuejs/-/priorityqueuejs-2.0.0.tgz#96064040edd847ee9dd3013d8e16297399a6bd4f"
  integrity sha512-19BMarhgpq3x4ccvVi8k2QpJZcymo/iFUcrhPd4V96kYGovOdTsWwy7fxChYi4QY+m2EnGBWSX9Buakz+tWNQQ==

typescript@^4.7.4:
  version "4.7.4"
  resolved "https://registry.yarnpkg.com/typescript/-/typescript-4.7.4.tgz#1a88596d1cf47d59507a1bcdfb5b9dfe4d488235"
  integrity sha512-C0WQT0gezHuw6AdY1M2jxUO83Rjf0HP7Sk1DtXj6j1EwkQNZrHAg2XPWlq62oqEhYvONq5pkC2Y9oPljWToLmQ==
